
Microsoft Visual Studio Solution File, Format Version 12.00
# Visual Studio Version 17
VisualStudioVersion = 17.13.35818.85 d17.13
MinimumVisualStudioVersion = 10.0.40219.1
Project("{FAE04EC0-301F-11D3-BF4B-00C04F79EFBC}") = "tpmodul8_103022300060", "tpmodul8\tpmodul8_103022300060.csproj", "{52D14ACE-3724-429F-A584-602861965BA6}"
EndProject
Global
	GlobalSection(SolutionConfigurationPlatforms) = preSolution
		Debug|Any CPU = Debug|Any CPU
		Release|Any CPU = Release|Any CPU
	EndGlobalSection
	GlobalSection(ProjectConfigurationPlatforms) = postSolution
		{52D14ACE-3724-429F-A584-602861965BA6}.Debug|Any CPU.ActiveCfg = Debug|Any CPU
		{52D14ACE-3724-429F-A584-602861965BA6}.Debug|Any CPU.Build.0 = Debug|Any CPU
		{52D14ACE-3724-429F-A584-602861965BA6}.Release|Any CPU.ActiveCfg = Release|Any CPU
		{52D14ACE-3724-429F-A584-602861965BA6}.Release|Any CPU.Build.0 = Release|Any CPU
	EndGlobalSection
	GlobalSection(SolutionProperties) = preSolution
		HideSolutionNode = FALSE
	EndGlobalSection
	GlobalSection(ExtensibilityGlobals) = postSolution
		SolutionGuid = {C90B8BE0-B662-4BF1-9A17-261B5D949C7C}
	EndGlobalSection
EndGlobal
